
Microsoft Visual Studio Solution File, Format Version 12.00
# Visual Studio Version 17
VisualStudioVersion = 17.2.32516.85
MinimumVisualStudioVersion = 10.0.40219.1
Project("{9A19103F-16F7-4668-BE54-9A1E7A4F7556}") = "LinkedGatesTask", "LinkedGatesTask\LinkedGatesTask.csproj", "{88CE992F-8B61-4421-B425-09AE49B18894}"
EndProject
Project("{9A19103F-16F7-4668-BE54-9A1E7A4F7556}") = "TaskDB", "TaskDB\TaskDB.csproj", "{5942B03C-98EA-426F-86DE-FC828E285BC8}"
EndProject
Global
	GlobalSection(SolutionConfigurationPlatforms) = preSolution
		Debug|Any CPU = Debug|Any CPU
		Release|Any CPU = Release|Any CPU
	EndGlobalSection
	GlobalSection(ProjectConfigurationPlatforms) = postSolution
		{88CE992F-8B61-4421-B425-09AE49B18894}.Debug|Any CPU.ActiveCfg = Debug|Any CPU
		{88CE992F-8B61-4421-B425-09AE49B18894}.Debug|Any CPU.Build.0 = Debug|Any CPU
		{88CE992F-8B61-4421-B425-09AE49B18894}.Release|Any CPU.ActiveCfg = Release|Any CPU
		{88CE992F-8B61-4421-B425-09AE49B18894}.Release|Any CPU.Build.0 = Release|Any CPU
		{5942B03C-98EA-426F-86DE-FC828E285BC8}.Debug|Any CPU.ActiveCfg = Debug|Any CPU
		{5942B03C-98EA-426F-86DE-FC828E285BC8}.Debug|Any CPU.Build.0 = Debug|Any CPU
		{5942B03C-98EA-426F-86DE-FC828E285BC8}.Release|Any CPU.ActiveCfg = Release|Any CPU
		{5942B03C-98EA-426F-86DE-FC828E285BC8}.Release|Any CPU.Build.0 = Release|Any CPU
	EndGlobalSection
	GlobalSection(SolutionProperties) = preSolution
		HideSolutionNode = FALSE
	EndGlobalSection
	GlobalSection(ExtensibilityGlobals) = postSolution
		SolutionGuid = {A06D54FC-6F01-4B79-85E1-388AA3546E8B}
	EndGlobalSection
EndGlobal
